
Microsoft Visual Studio Solution File, Format Version 12.00
Project("{FAE04EC0-301F-11D3-BF4B-00C04F79EFBC}") = "Treplo", "Treplo\Treplo.csproj", "{840A8042-28F7-490E-9ED3-132DCCB7976D}"
EndProject
Project("{FAE04EC0-301F-11D3-BF4B-00C04F79EFBC}") = "Treplo.SearchService", "Treplo.SearchService\Treplo.SearchService.csproj", "{2C60E230-9E05-4368-9286-7F7EC26EF474}"
EndProject
Project("{FAE04EC0-301F-11D3-BF4B-00C04F79EFBC}") = "Treplo.Clients", "Treplo.Clients\Treplo.Clients.csproj", "{D43E9AC5-0198-4971-977A-02E120640A26}"
EndProject
Project("{FAE04EC0-301F-11D3-BF4B-00C04F79EFBC}") = "Treplo.Common", "Treplo.Common\Treplo.Common.csproj", "{9B4FFFFE-DA6C-429C-BC9A-56AC2B97DF18}"
EndProject
Project("{FAE04EC0-301F-11D3-BF4B-00C04F79EFBC}") = "Treplo.PlayersService", "Treplo.PlayersService\Treplo.PlayersService.csproj", "{19C0E072-7125-482E-8430-69B800FD2732}"
EndProject
Project("{FAE04EC0-301F-11D3-BF4B-00C04F79EFBC}") = "Treplo.Infrastructure", "Treplo.Infrastructure\Treplo.Infrastructure.csproj", "{C937797E-C5D3-4DD9-A41E-7FAE5384B202}"
EndProject
Project("{FAE04EC0-301F-11D3-BF4B-00C04F79EFBC}") = "Treplo.PlayersService.Interfaces", "Treplo.PlayersService.Interfaces\Treplo.PlayersService.Interfaces.csproj", "{C42B11D9-32E3-4DB7-AED9-CB2C0BDF8216}"
EndProject
Project("{FAE04EC0-301F-11D3-BF4B-00C04F79EFBC}") = "Treplo.PlayersService.Tests", "Treplo.PlayersService.Tests\Treplo.PlayersService.Tests.csproj", "{3E2B6A4B-7C32-4F82-BFA5-D5267F3CE551}"
EndProject
Global
	GlobalSection(SolutionConfigurationPlatforms) = preSolution
		Debug|Any CPU = Debug|Any CPU
		Release|Any CPU = Release|Any CPU
	EndGlobalSection
	GlobalSection(ProjectConfigurationPlatforms) = postSolution
		{840A8042-28F7-490E-9ED3-132DCCB7976D}.Debug|Any CPU.ActiveCfg = Debug|Any CPU
		{840A8042-28F7-490E-9ED3-132DCCB7976D}.Debug|Any CPU.Build.0 = Debug|Any CPU
		{840A8042-28F7-490E-9ED3-132DCCB7976D}.Release|Any CPU.ActiveCfg = Release|Any CPU
		{840A8042-28F7-490E-9ED3-132DCCB7976D}.Release|Any CPU.Build.0 = Release|Any CPU
		{2C60E230-9E05-4368-9286-7F7EC26EF474}.Debug|Any CPU.ActiveCfg = Debug|Any CPU
		{2C60E230-9E05-4368-9286-7F7EC26EF474}.Debug|Any CPU.Build.0 = Debug|Any CPU
		{2C60E230-9E05-4368-9286-7F7EC26EF474}.Release|Any CPU.ActiveCfg = Release|Any CPU
		{2C60E230-9E05-4368-9286-7F7EC26EF474}.Release|Any CPU.Build.0 = Release|Any CPU
		{D43E9AC5-0198-4971-977A-02E120640A26}.Debug|Any CPU.ActiveCfg = Debug|Any CPU
		{D43E9AC5-0198-4971-977A-02E120640A26}.Debug|Any CPU.Build.0 = Debug|Any CPU
		{D43E9AC5-0198-4971-977A-02E120640A26}.Release|Any CPU.ActiveCfg = Release|Any CPU
		{D43E9AC5-0198-4971-977A-02E120640A26}.Release|Any CPU.Build.0 = Release|Any CPU
		{9B4FFFFE-DA6C-429C-BC9A-56AC2B97DF18}.Debug|Any CPU.ActiveCfg = Debug|Any CPU
		{9B4FFFFE-DA6C-429C-BC9A-56AC2B97DF18}.Debug|Any CPU.Build.0 = Debug|Any CPU
		{9B4FFFFE-DA6C-429C-BC9A-56AC2B97DF18}.Release|Any CPU.ActiveCfg = Release|Any CPU
		{9B4FFFFE-DA6C-429C-BC9A-56AC2B97DF18}.Release|Any CPU.Build.0 = Release|Any CPU
		{19C0E072-7125-482E-8430-69B800FD2732}.Debug|Any CPU.ActiveCfg = Debug|Any CPU
		{19C0E072-7125-482E-8430-69B800FD2732}.Debug|Any CPU.Build.0 = Debug|Any CPU
		{19C0E072-7125-482E-8430-69B800FD2732}.Release|Any CPU.ActiveCfg = Release|Any CPU
		{19C0E072-7125-482E-8430-69B800FD2732}.Release|Any CPU.Build.0 = Release|Any CPU
		{C937797E-C5D3-4DD9-A41E-7FAE5384B202}.Debug|Any CPU.ActiveCfg = Debug|Any CPU
		{C937797E-C5D3-4DD9-A41E-7FAE5384B202}.Debug|Any CPU.Build.0 = Debug|Any CPU
		{C937797E-C5D3-4DD9-A41E-7FAE5384B202}.Release|Any CPU.ActiveCfg = Release|Any CPU
		{C937797E-C5D3-4DD9-A41E-7FAE5384B202}.Release|Any CPU.Build.0 = Release|Any CPU
		{C42B11D9-32E3-4DB7-AED9-CB2C0BDF8216}.Debug|Any CPU.ActiveCfg = Debug|Any CPU
		{C42B11D9-32E3-4DB7-AED9-CB2C0BDF8216}.Debug|Any CPU.Build.0 = Debug|Any CPU
		{C42B11D9-32E3-4DB7-AED9-CB2C0BDF8216}.Release|Any CPU.ActiveCfg = Release|Any CPU
		{C42B11D9-32E3-4DB7-AED9-CB2C0BDF8216}.Release|Any CPU.Build.0 = Release|Any CPU
		{3E2B6A4B-7C32-4F82-BFA5-D5267F3CE551}.Debug|Any CPU.ActiveCfg = Debug|Any CPU
		{3E2B6A4B-7C32-4F82-BFA5-D5267F3CE551}.Debug|Any CPU.Build.0 = Debug|Any CPU
		{3E2B6A4B-7C32-4F82-BFA5-D5267F3CE551}.Release|Any CPU.ActiveCfg = Release|Any CPU
		{3E2B6A4B-7C32-4F82-BFA5-D5267F3CE551}.Release|Any CPU.Build.0 = Release|Any CPU
	EndGlobalSection
EndGlobal
